
Microsoft Visual Studio Solution File, Format Version 12.00
# Visual Studio 15
VisualStudioVersion = 15.0.26430.6
MinimumVisualStudioVersion = 10.0.40219.1
Project("{2150E333-8FDC-42A3-9474-1A3956D46DE8}") = "Core", "Core", "{5D1A6D37-8CB3-4401-8D6D-92F9A0D478AF}"
EndProject
Project("{2150E333-8FDC-42A3-9474-1A3956D46DE8}") = "Structure", "Structure", "{92EFF8CC-118D-49ED-A71A-073018F8005C}"
EndProject
Project("{2150E333-8FDC-42A3-9474-1A3956D46DE8}") = "Tests", "Tests", "{4403D823-CEF9-47BA-9C3E-B4E9E0195DCB}"
EndProject
Project("{FAE04EC0-301F-11D3-BF4B-00C04F79EFBC}") = "Structures", "Structure\Structures\Structures.csproj", "{9D7750B3-C5BE-4B06-81B0-0A409CA9FE7B}"
EndProject
Project("{FAE04EC0-301F-11D3-BF4B-00C04F79EFBC}") = "StructConverters", "Structure\StructConverters\StructConverters.csproj", "{5F315ED5-010F-43C6-8D8B-60191BC4BF9F}"
EndProject
Project("{FAE04EC0-301F-11D3-BF4B-00C04F79EFBC}") = "StructConverterContracts", "Structure\StructConverterContracts\StructConverterContracts.csproj", "{8850582A-A002-4CE2-B45D-DF55AEDBDFE0}"
EndProject
Project("{FAE04EC0-301F-11D3-BF4B-00C04F79EFBC}") = "ServiceContracts", "Core\ServiceContracts\ServiceContracts.csproj", "{1DF78DF6-4C75-4083-A0C6-A56A637EC33E}"
EndProject
Project("{FAE04EC0-301F-11D3-BF4B-00C04F79EFBC}") = "Services", "Core\Services\Services.csproj", "{5C96F98A-1C10-40ED-8BD2-500A842A7659}"
EndProject
Project("{FAE04EC0-301F-11D3-BF4B-00C04F79EFBC}") = "ResourceBuilder", "Core\ResourceBuilder\ResourceBuilder.csproj", "{970E73E5-93E3-4334-92D2-EA6CB18F877C}"
EndProject
Project("{FAE04EC0-301F-11D3-BF4B-00C04F79EFBC}") = "ResourceBuilderContracts", "Core\ResourceBuilderContracts\ResourceBuilderContracts.csproj", "{8E652C75-F015-4B7F-B7BC-93CDC8F07BEE}"
EndProject
Project("{FAE04EC0-301F-11D3-BF4B-00C04F79EFBC}") = "Resources", "Core\Resources\Resources.csproj", "{81D21E71-0196-4767-BE6A-149247459E23}"
EndProject
Project("{FAE04EC0-301F-11D3-BF4B-00C04F79EFBC}") = "CommonTypes", "Core\CommonTypes\CommonTypes.csproj", "{95E826AB-E4BF-484F-B763-43180F0EBB6B}"
EndProject
Project("{2150E333-8FDC-42A3-9474-1A3956D46DE8}") = "DependencyInjection", "DependencyInjection", "{A59843C7-0188-4CAF-8EB7-B73F1EDF4D57}"
EndProject
Project("{FAE04EC0-301F-11D3-BF4B-00C04F79EFBC}") = "BootstrapperLib", "DependencyInjection\Container\BootstrapperLib.csproj", "{B7EFDE8F-FF0C-4091-B870-32D21DAC853B}"
EndProject
Project("{FAE04EC0-301F-11D3-BF4B-00C04F79EFBC}") = "StructContainer", "DependencyInjection\StructContainer\StructContainer.csproj", "{3630FD4B-5770-4261-8F27-D9B208CD4F0F}"
EndProject
Project("{FAE04EC0-301F-11D3-BF4B-00C04F79EFBC}") = "ResourceContainer", "DependencyInjection\ResourceContainer\ResourceContainer.csproj", "{B6869A90-7C50-4B31-A3BE-1EB333107274}"
EndProject
Project("{FAE04EC0-301F-11D3-BF4B-00C04F79EFBC}") = "ServiceContainer", "DependencyInjection\ServiceContainer\ServiceContainer.csproj", "{106F53F1-BBE8-4108-AB59-C55897A33E41}"
EndProject
Project("{2150E333-8FDC-42A3-9474-1A3956D46DE8}") = "UI", "UI", "{40648F55-6FAE-4AB7-8BA1-330EA2AE2644}"
EndProject
Project("{FAE04EC0-301F-11D3-BF4B-00C04F79EFBC}") = "InfinityFictionEditor", "UI\InfinityFictionEditor\InfinityFictionEditor.csproj", "{DD114B56-8097-412A-8FC5-8F5A64D4ADDB}"
EndProject
Project("{FAE04EC0-301F-11D3-BF4B-00C04F79EFBC}") = "InfinityFictionEditor.Core", "UI\InfinityFictionEditor.Core\InfinityFictionEditor.Core.csproj", "{13FFF767-0863-435A-8E35-06D63CAD13F6}"
EndProject
Project("{2150E333-8FDC-42A3-9474-1A3956D46DE8}") = ".nuget", ".nuget", "{7837A17B-502E-4B62-AA3B-2AFD98581688}"
	ProjectSection(SolutionItems) = preProject
		.nuget\NuGet.Config = .nuget\NuGet.Config
		.nuget\NuGet.exe = .nuget\NuGet.exe
		.nuget\NuGet.targets = .nuget\NuGet.targets
	EndProjectSection
EndProject
Project("{2150E333-8FDC-42A3-9474-1A3956D46DE8}") = "Sandbox", "Sandbox", "{91F6E7F0-2CDD-474C-AEF8-485A71415B88}"
EndProject
Project("{FAE04EC0-301F-11D3-BF4B-00C04F79EFBC}") = "ResourceBuilderSandbox", "Tests\Sandbox\ResourceBuilderSandbox\ResourceBuilderSandbox.csproj", "{02B65AD0-1C06-45C0-A631-0C7036A1E77C}"
EndProject
Project("{FAE04EC0-301F-11D3-BF4B-00C04F79EFBC}") = "ServicesSandbox", "Tests\Sandbox\ServicesSandbox\ServicesSandbox.csproj", "{BE37B4B9-CAFA-40D1-A97C-565F7629DF5C}"
EndProject
Project("{2150E333-8FDC-42A3-9474-1A3956D46DE8}") = "Modules", "Modules", "{3CD1DE77-4A3E-44F9-9EEC-97BCA55E9822}"
EndProject
Project("{FAE04EC0-301F-11D3-BF4B-00C04F79EFBC}") = "ItmModule", "UI\Modules\ItmModule\ItmModule.csproj", "{41BAEF9E-FCDD-4ACC-970C-BFA792373A75}"
EndProject
Project("{FAE04EC0-301F-11D3-BF4B-00C04F79EFBC}") = "Module.Core", "UI\Modules\Module.Core\Module.Core.csproj", "{3E54ABE8-2A41-46FB-B4EB-5AD83B10981F}"
EndProject
Project("{FAE04EC0-301F-11D3-BF4B-00C04F79EFBC}") = "StructConverters.Tests", "Tests\StructConverters.Tests\StructConverters.Tests.csproj", "{E9EFE8C8-2537-4669-99AA-FF11D4A33F70}"
EndProject
Project("{FAE04EC0-301F-11D3-BF4B-00C04F79EFBC}") = "StructConvertersSandbox", "Tests\Sandbox\StructConvertersSandbox\StructConvertersSandbox.csproj", "{B24A5D01-8866-4F16-AC24-1CFE484BF0E9}"
EndProject
Project("{8BC9CEB8-8B4A-11D0-8D11-00A0C91BC942}") = "InfinityEngineNativeResourceLibrary", "Core\InfinityEngineNativeResourceLibrary\InfinityEngineNativeResourceLibrary.vcxproj", "{CD6CA183-AD5F-4342-BB44-F117A0CED523}"
EndProject
Project("{FAE04EC0-301F-11D3-BF4B-00C04F79EFBC}") = "ResourceManager", "Core\ResourceManager\ResourceManager.csproj", "{250DA5A6-F63E-4F31-BFDB-0AB2192B04B5}"
EndProject
Project("{FAE04EC0-301F-11D3-BF4B-00C04F79EFBC}") = "Resources", "Structure\Resources\Resources.csproj", "{1C8419D5-0B65-466B-8955-195280FBF527}"
EndProject
Project("{FAE04EC0-301F-11D3-BF4B-00C04F79EFBC}") = "ResourceManagerSandbox", "Tests\Sandbox\ResourceManagerSandbox\ResourceManagerSandbox.csproj", "{413CDA69-2C18-4E37-B3BD-1A7FC6E069DA}"
EndProject
Project("{8BC9CEB8-8B4A-11D0-8D11-00A0C91BC942}") = "NativeResourceLibSandbox", "Tests\Sandbox\NativeResourceLibSandbox\NativeResourceLibSandbox.vcxproj", "{5633CC4B-DBAD-4F09-92FE-8650B02A9B33}"
EndProject
Global
	GlobalSection(SolutionConfigurationPlatforms) = preSolution
		Debug|Any CPU = Debug|Any CPU
		Debug|Mixed Platforms = Debug|Mixed Platforms
		Debug|x64 = Debug|x64
		Debug|x86 = Debug|x86
		Release|Any CPU = Release|Any CPU
		Release|Mixed Platforms = Release|Mixed Platforms
		Release|x64 = Release|x64
		Release|x86 = Release|x86
	EndGlobalSection
	GlobalSection(ProjectConfigurationPlatforms) = postSolution
		{9D7750B3-C5BE-4B06-81B0-0A409CA9FE7B}.Debug|Any CPU.ActiveCfg = Debug|Any CPU
		{9D7750B3-C5BE-4B06-81B0-0A409CA9FE7B}.Debug|Any CPU.Build.0 = Debug|Any CPU
		{9D7750B3-C5BE-4B06-81B0-0A409CA9FE7B}.Debug|Mixed Platforms.ActiveCfg = Debug|Any CPU
		{9D7750B3-C5BE-4B06-81B0-0A409CA9FE7B}.Debug|Mixed Platforms.Build.0 = Debug|Any CPU
		{9D7750B3-C5BE-4B06-81B0-0A409CA9FE7B}.Debug|x64.ActiveCfg = Debug|Any CPU
		{9D7750B3-C5BE-4B06-81B0-0A409CA9FE7B}.Debug|x64.Build.0 = Debug|Any CPU
		{9D7750B3-C5BE-4B06-81B0-0A409CA9FE7B}.Debug|x86.ActiveCfg = Debug|Any CPU
		{9D7750B3-C5BE-4B06-81B0-0A409CA9FE7B}.Release|Any CPU.ActiveCfg = Release|Any CPU
		{9D7750B3-C5BE-4B06-81B0-0A409CA9FE7B}.Release|Any CPU.Build.0 = Release|Any CPU
		{9D7750B3-C5BE-4B06-81B0-0A409CA9FE7B}.Release|Mixed Platforms.ActiveCfg = Release|Any CPU
		{9D7750B3-C5BE-4B06-81B0-0A409CA9FE7B}.Release|Mixed Platforms.Build.0 = Release|Any CPU
		{9D7750B3-C5BE-4B06-81B0-0A409CA9FE7B}.Release|x64.ActiveCfg = Release|Any CPU
		{9D7750B3-C5BE-4B06-81B0-0A409CA9FE7B}.Release|x64.Build.0 = Release|Any CPU
		{9D7750B3-C5BE-4B06-81B0-0A409CA9FE7B}.Release|x86.ActiveCfg = Release|Any CPU
		{5F315ED5-010F-43C6-8D8B-60191BC4BF9F}.Debug|Any CPU.ActiveCfg = Debug|Any CPU
		{5F315ED5-010F-43C6-8D8B-60191BC4BF9F}.Debug|Any CPU.Build.0 = Debug|Any CPU
		{5F315ED5-010F-43C6-8D8B-60191BC4BF9F}.Debug|Mixed Platforms.ActiveCfg = Debug|Any CPU
		{5F315ED5-010F-43C6-8D8B-60191BC4BF9F}.Debug|Mixed Platforms.Build.0 = Debug|Any CPU
		{5F315ED5-010F-43C6-8D8B-60191BC4BF9F}.Debug|x64.ActiveCfg = Debug|Any CPU
		{5F315ED5-010F-43C6-8D8B-60191BC4BF9F}.Debug|x64.Build.0 = Debug|Any CPU
		{5F315ED5-010F-43C6-8D8B-60191BC4BF9F}.Debug|x86.ActiveCfg = Debug|Any CPU
		{5F315ED5-010F-43C6-8D8B-60191BC4BF9F}.Release|Any CPU.ActiveCfg = Release|Any CPU
		{5F315ED5-010F-43C6-8D8B-60191BC4BF9F}.Release|Any CPU.Build.0 = Release|Any CPU
		{5F315ED5-010F-43C6-8D8B-60191BC4BF9F}.Release|Mixed Platforms.ActiveCfg = Release|Any CPU
		{5F315ED5-010F-43C6-8D8B-60191BC4BF9F}.Release|Mixed Platforms.Build.0 = Release|Any CPU
		{5F315ED5-010F-43C6-8D8B-60191BC4BF9F}.Release|x64.ActiveCfg = Release|Any CPU
		{5F315ED5-010F-43C6-8D8B-60191BC4BF9F}.Release|x64.Build.0 = Release|Any CPU
		{5F315ED5-010F-43C6-8D8B-60191BC4BF9F}.Release|x86.ActiveCfg = Release|Any CPU
		{8850582A-A002-4CE2-B45D-DF55AEDBDFE0}.Debug|Any CPU.ActiveCfg = Debug|Any CPU
		{8850582A-A002-4CE2-B45D-DF55AEDBDFE0}.Debug|Any CPU.Build.0 = Debug|Any CPU
		{8850582A-A002-4CE2-B45D-DF55AEDBDFE0}.Debug|Mixed Platforms.ActiveCfg = Debug|Any CPU
		{8850582A-A002-4CE2-B45D-DF55AEDBDFE0}.Debug|Mixed Platforms.Build.0 = Debug|Any CPU
		{8850582A-A002-4CE2-B45D-DF55AEDBDFE0}.Debug|x64.ActiveCfg = Debug|Any CPU
		{8850582A-A002-4CE2-B45D-DF55AEDBDFE0}.Debug|x64.Build.0 = Debug|Any CPU
		{8850582A-A002-4CE2-B45D-DF55AEDBDFE0}.Debug|x86.ActiveCfg = Debug|Any CPU
		{8850582A-A002-4CE2-B45D-DF55AEDBDFE0}.Release|Any CPU.ActiveCfg = Release|Any CPU
		{8850582A-A002-4CE2-B45D-DF55AEDBDFE0}.Release|Any CPU.Build.0 = Release|Any CPU
		{8850582A-A002-4CE2-B45D-DF55AEDBDFE0}.Release|Mixed Platforms.ActiveCfg = Release|Any CPU
		{8850582A-A002-4CE2-B45D-DF55AEDBDFE0}.Release|Mixed Platforms.Build.0 = Release|Any CPU
		{8850582A-A002-4CE2-B45D-DF55AEDBDFE0}.Release|x64.ActiveCfg = Release|Any CPU
		{8850582A-A002-4CE2-B45D-DF55AEDBDFE0}.Release|x64.Build.0 = Release|Any CPU
		{8850582A-A002-4CE2-B45D-DF55AEDBDFE0}.Release|x86.ActiveCfg = Release|Any CPU
		{1DF78DF6-4C75-4083-A0C6-A56A637EC33E}.Debug|Any CPU.ActiveCfg = Debug|Any CPU
		{1DF78DF6-4C75-4083-A0C6-A56A637EC33E}.Debug|Any CPU.Build.0 = Debug|Any CPU
		{1DF78DF6-4C75-4083-A0C6-A56A637EC33E}.Debug|Mixed Platforms.ActiveCfg = Debug|Any CPU
		{1DF78DF6-4C75-4083-A0C6-A56A637EC33E}.Debug|Mixed Platforms.Build.0 = Debug|Any CPU
		{1DF78DF6-4C75-4083-A0C6-A56A637EC33E}.Debug|x64.ActiveCfg = Debug|Any CPU
		{1DF78DF6-4C75-4083-A0C6-A56A637EC33E}.Debug|x64.Build.0 = Debug|Any CPU
		{1DF78DF6-4C75-4083-A0C6-A56A637EC33E}.Debug|x86.ActiveCfg = Debug|Any CPU
		{1DF78DF6-4C75-4083-A0C6-A56A637EC33E}.Release|Any CPU.ActiveCfg = Release|Any CPU
		{1DF78DF6-4C75-4083-A0C6-A56A637EC33E}.Release|Any CPU.Build.0 = Release|Any CPU
		{1DF78DF6-4C75-4083-A0C6-A56A637EC33E}.Release|Mixed Platforms.ActiveCfg = Release|Any CPU
		{1DF78DF6-4C75-4083-A0C6-A56A637EC33E}.Release|Mixed Platforms.Build.0 = Release|Any CPU
		{1DF78DF6-4C75-4083-A0C6-A56A637EC33E}.Release|x64.ActiveCfg = Release|Any CPU
		{1DF78DF6-4C75-4083-A0C6-A56A637EC33E}.Release|x64.Build.0 = Release|Any CPU
		{1DF78DF6-4C75-4083-A0C6-A56A637EC33E}.Release|x86.ActiveCfg = Release|Any CPU
		{5C96F98A-1C10-40ED-8BD2-500A842A7659}.Debug|Any CPU.ActiveCfg = Debug|Any CPU
		{5C96F98A-1C10-40ED-8BD2-500A842A7659}.Debug|Any CPU.Build.0 = Debug|Any CPU
		{5C96F98A-1C10-40ED-8BD2-500A842A7659}.Debug|Mixed Platforms.ActiveCfg = Debug|Any CPU
		{5C96F98A-1C10-40ED-8BD2-500A842A7659}.Debug|Mixed Platforms.Build.0 = Debug|Any CPU
		{5C96F98A-1C10-40ED-8BD2-500A842A7659}.Debug|x64.ActiveCfg = Debug|Any CPU
		{5C96F98A-1C10-40ED-8BD2-500A842A7659}.Debug|x64.Build.0 = Debug|Any CPU
		{5C96F98A-1C10-40ED-8BD2-500A842A7659}.Debug|x86.ActiveCfg = Debug|Any CPU
		{5C96F98A-1C10-40ED-8BD2-500A842A7659}.Release|Any CPU.ActiveCfg = Release|Any CPU
		{5C96F98A-1C10-40ED-8BD2-500A842A7659}.Release|Any CPU.Build.0 = Release|Any CPU
		{5C96F98A-1C10-40ED-8BD2-500A842A7659}.Release|Mixed Platforms.ActiveCfg = Release|Any CPU
		{5C96F98A-1C10-40ED-8BD2-500A842A7659}.Release|Mixed Platforms.Build.0 = Release|Any CPU
		{5C96F98A-1C10-40ED-8BD2-500A842A7659}.Release|x64.ActiveCfg = Release|Any CPU
		{5C96F98A-1C10-40ED-8BD2-500A842A7659}.Release|x64.Build.0 = Release|Any CPU
		{5C96F98A-1C10-40ED-8BD2-500A842A7659}.Release|x86.ActiveCfg = Release|Any CPU
		{970E73E5-93E3-4334-92D2-EA6CB18F877C}.Debug|Any CPU.ActiveCfg = Debug|Any CPU
		{970E73E5-93E3-4334-92D2-EA6CB18F877C}.Debug|Any CPU.Build.0 = Debug|Any CPU
		{970E73E5-93E3-4334-92D2-EA6CB18F877C}.Debug|Mixed Platforms.ActiveCfg = Debug|Any CPU
		{970E73E5-93E3-4334-92D2-EA6CB18F877C}.Debug|Mixed Platforms.Build.0 = Debug|Any CPU
		{970E73E5-93E3-4334-92D2-EA6CB18F877C}.Debug|x64.ActiveCfg = Debug|Any CPU
		{970E73E5-93E3-4334-92D2-EA6CB18F877C}.Debug|x64.Build.0 = Debug|Any CPU
		{970E73E5-93E3-4334-92D2-EA6CB18F877C}.Debug|x86.ActiveCfg = Debug|Any CPU
		{970E73E5-93E3-4334-92D2-EA6CB18F877C}.Release|Any CPU.ActiveCfg = Release|Any CPU
		{970E73E5-93E3-4334-92D2-EA6CB18F877C}.Release|Any CPU.Build.0 = Release|Any CPU
		{970E73E5-93E3-4334-92D2-EA6CB18F877C}.Release|Mixed Platforms.ActiveCfg = Release|Any CPU
		{970E73E5-93E3-4334-92D2-EA6CB18F877C}.Release|Mixed Platforms.Build.0 = Release|Any CPU
		{970E73E5-93E3-4334-92D2-EA6CB18F877C}.Release|x64.ActiveCfg = Release|Any CPU
		{970E73E5-93E3-4334-92D2-EA6CB18F877C}.Release|x64.Build.0 = Release|Any CPU
		{970E73E5-93E3-4334-92D2-EA6CB18F877C}.Release|x86.ActiveCfg = Release|Any CPU
		{8E652C75-F015-4B7F-B7BC-93CDC8F07BEE}.Debug|Any CPU.ActiveCfg = Debug|Any CPU
		{8E652C75-F015-4B7F-B7BC-93CDC8F07BEE}.Debug|Any CPU.Build.0 = Debug|Any CPU
		{8E652C75-F015-4B7F-B7BC-93CDC8F07BEE}.Debug|Mixed Platforms.ActiveCfg = Debug|Any CPU
		{8E652C75-F015-4B7F-B7BC-93CDC8F07BEE}.Debug|Mixed Platforms.Build.0 = Debug|Any CPU
		{8E652C75-F015-4B7F-B7BC-93CDC8F07BEE}.Debug|x64.ActiveCfg = Debug|Any CPU
		{8E652C75-F015-4B7F-B7BC-93CDC8F07BEE}.Debug|x64.Build.0 = Debug|Any CPU
		{8E652C75-F015-4B7F-B7BC-93CDC8F07BEE}.Debug|x86.ActiveCfg = Debug|Any CPU
		{8E652C75-F015-4B7F-B7BC-93CDC8F07BEE}.Release|Any CPU.ActiveCfg = Release|Any CPU
		{8E652C75-F015-4B7F-B7BC-93CDC8F07BEE}.Release|Any CPU.Build.0 = Release|Any CPU
		{8E652C75-F015-4B7F-B7BC-93CDC8F07BEE}.Release|Mixed Platforms.ActiveCfg = Release|Any CPU
		{8E652C75-F015-4B7F-B7BC-93CDC8F07BEE}.Release|Mixed Platforms.Build.0 = Release|Any CPU
		{8E652C75-F015-4B7F-B7BC-93CDC8F07BEE}.Release|x64.ActiveCfg = Release|Any CPU
		{8E652C75-F015-4B7F-B7BC-93CDC8F07BEE}.Release|x64.Build.0 = Release|Any CPU
		{8E652C75-F015-4B7F-B7BC-93CDC8F07BEE}.Release|x86.ActiveCfg = Release|Any CPU
		{81D21E71-0196-4767-BE6A-149247459E23}.Debug|Any CPU.ActiveCfg = Debug|Any CPU
		{81D21E71-0196-4767-BE6A-149247459E23}.Debug|Any CPU.Build.0 = Debug|Any CPU
		{81D21E71-0196-4767-BE6A-149247459E23}.Debug|Mixed Platforms.ActiveCfg = Debug|Any CPU
		{81D21E71-0196-4767-BE6A-149247459E23}.Debug|Mixed Platforms.Build.0 = Debug|Any CPU
		{81D21E71-0196-4767-BE6A-149247459E23}.Debug|x64.ActiveCfg = Debug|Any CPU
		{81D21E71-0196-4767-BE6A-149247459E23}.Debug|x64.Build.0 = Debug|Any CPU
		{81D21E71-0196-4767-BE6A-149247459E23}.Debug|x86.ActiveCfg = Debug|Any CPU
		{81D21E71-0196-4767-BE6A-149247459E23}.Release|Any CPU.ActiveCfg = Release|Any CPU
		{81D21E71-0196-4767-BE6A-149247459E23}.Release|Any CPU.Build.0 = Release|Any CPU
		{81D21E71-0196-4767-BE6A-149247459E23}.Release|Mixed Platforms.ActiveCfg = Release|Any CPU
		{81D21E71-0196-4767-BE6A-149247459E23}.Release|Mixed Platforms.Build.0 = Release|Any CPU
		{81D21E71-0196-4767-BE6A-149247459E23}.Release|x64.ActiveCfg = Release|Any CPU
		{81D21E71-0196-4767-BE6A-149247459E23}.Release|x64.Build.0 = Release|Any CPU
		{81D21E71-0196-4767-BE6A-149247459E23}.Release|x86.ActiveCfg = Release|Any CPU
		{95E826AB-E4BF-484F-B763-43180F0EBB6B}.Debug|Any CPU.ActiveCfg = Debug|Any CPU
		{95E826AB-E4BF-484F-B763-43180F0EBB6B}.Debug|Any CPU.Build.0 = Debug|Any CPU
		{95E826AB-E4BF-484F-B763-43180F0EBB6B}.Debug|Mixed Platforms.ActiveCfg = Debug|Any CPU
		{95E826AB-E4BF-484F-B763-43180F0EBB6B}.Debug|Mixed Platforms.Build.0 = Debug|Any CPU
		{95E826AB-E4BF-484F-B763-43180F0EBB6B}.Debug|x64.ActiveCfg = Debug|Any CPU
		{95E826AB-E4BF-484F-B763-43180F0EBB6B}.Debug|x64.Build.0 = Debug|Any CPU
		{95E826AB-E4BF-484F-B763-43180F0EBB6B}.Debug|x86.ActiveCfg = Debug|Any CPU
		{95E826AB-E4BF-484F-B763-43180F0EBB6B}.Release|Any CPU.ActiveCfg = Release|Any CPU
		{95E826AB-E4BF-484F-B763-43180F0EBB6B}.Release|Any CPU.Build.0 = Release|Any CPU
		{95E826AB-E4BF-484F-B763-43180F0EBB6B}.Release|Mixed Platforms.ActiveCfg = Release|Any CPU
		{95E826AB-E4BF-484F-B763-43180F0EBB6B}.Release|Mixed Platforms.Build.0 = Release|Any CPU
		{95E826AB-E4BF-484F-B763-43180F0EBB6B}.Release|x64.ActiveCfg = Release|Any CPU
		{95E826AB-E4BF-484F-B763-43180F0EBB6B}.Release|x64.Build.0 = Release|Any CPU
		{95E826AB-E4BF-484F-B763-43180F0EBB6B}.Release|x86.ActiveCfg = Release|Any CPU
		{B7EFDE8F-FF0C-4091-B870-32D21DAC853B}.Debug|Any CPU.ActiveCfg = Debug|Any CPU
		{B7EFDE8F-FF0C-4091-B870-32D21DAC853B}.Debug|Any CPU.Build.0 = Debug|Any CPU
		{B7EFDE8F-FF0C-4091-B870-32D21DAC853B}.Debug|Mixed Platforms.ActiveCfg = Debug|Any CPU
		{B7EFDE8F-FF0C-4091-B870-32D21DAC853B}.Debug|Mixed Platforms.Build.0 = Debug|Any CPU
		{B7EFDE8F-FF0C-4091-B870-32D21DAC853B}.Debug|x64.ActiveCfg = Debug|Any CPU
		{B7EFDE8F-FF0C-4091-B870-32D21DAC853B}.Debug|x64.Build.0 = Debug|Any CPU
		{B7EFDE8F-FF0C-4091-B870-32D21DAC853B}.Debug|x86.ActiveCfg = Debug|Any CPU
		{B7EFDE8F-FF0C-4091-B870-32D21DAC853B}.Release|Any CPU.ActiveCfg = Release|Any CPU
		{B7EFDE8F-FF0C-4091-B870-32D21DAC853B}.Release|Any CPU.Build.0 = Release|Any CPU
		{B7EFDE8F-FF0C-4091-B870-32D21DAC853B}.Release|Mixed Platforms.ActiveCfg = Release|Any CPU
		{B7EFDE8F-FF0C-4091-B870-32D21DAC853B}.Release|Mixed Platforms.Build.0 = Release|Any CPU
		{B7EFDE8F-FF0C-4091-B870-32D21DAC853B}.Release|x64.ActiveCfg = Release|Any CPU
		{B7EFDE8F-FF0C-4091-B870-32D21DAC853B}.Release|x64.Build.0 = Release|Any CPU
		{B7EFDE8F-FF0C-4091-B870-32D21DAC853B}.Release|x86.ActiveCfg = Release|Any CPU
		{3630FD4B-5770-4261-8F27-D9B208CD4F0F}.Debug|Any CPU.ActiveCfg = Debug|Any CPU
		{3630FD4B-5770-4261-8F27-D9B208CD4F0F}.Debug|Any CPU.Build.0 = Debug|Any CPU
		{3630FD4B-5770-4261-8F27-D9B208CD4F0F}.Debug|Mixed Platforms.ActiveCfg = Debug|Any CPU
		{3630FD4B-5770-4261-8F27-D9B208CD4F0F}.Debug|Mixed Platforms.Build.0 = Debug|Any CPU
		{3630FD4B-5770-4261-8F27-D9B208CD4F0F}.Debug|x64.ActiveCfg = Debug|Any CPU
		{3630FD4B-5770-4261-8F27-D9B208CD4F0F}.Debug|x64.Build.0 = Debug|Any CPU
		{3630FD4B-5770-4261-8F27-D9B208CD4F0F}.Debug|x86.ActiveCfg = Debug|Any CPU
		{3630FD4B-5770-4261-8F27-D9B208CD4F0F}.Release|Any CPU.ActiveCfg = Release|Any CPU
		{3630FD4B-5770-4261-8F27-D9B208CD4F0F}.Release|Any CPU.Build.0 = Release|Any CPU
		{3630FD4B-5770-4261-8F27-D9B208CD4F0F}.Release|Mixed Platforms.ActiveCfg = Release|Any CPU
		{3630FD4B-5770-4261-8F27-D9B208CD4F0F}.Release|Mixed Platforms.Build.0 = Release|Any CPU
		{3630FD4B-5770-4261-8F27-D9B208CD4F0F}.Release|x64.ActiveCfg = Release|Any CPU
		{3630FD4B-5770-4261-8F27-D9B208CD4F0F}.Release|x64.Build.0 = Release|Any CPU
		{3630FD4B-5770-4261-8F27-D9B208CD4F0F}.Release|x86.ActiveCfg = Release|Any CPU
		{B6869A90-7C50-4B31-A3BE-1EB333107274}.Debug|Any CPU.ActiveCfg = Debug|Any CPU
		{B6869A90-7C50-4B31-A3BE-1EB333107274}.Debug|Any CPU.Build.0 = Debug|Any CPU
		{B6869A90-7C50-4B31-A3BE-1EB333107274}.Debug|Mixed Platforms.ActiveCfg = Debug|Any CPU
		{B6869A90-7C50-4B31-A3BE-1EB333107274}.Debug|Mixed Platforms.Build.0 = Debug|Any CPU
		{B6869A90-7C50-4B31-A3BE-1EB333107274}.Debug|x64.ActiveCfg = Debug|Any CPU
		{B6869A90-7C50-4B31-A3BE-1EB333107274}.Debug|x64.Build.0 = Debug|Any CPU
		{B6869A90-7C50-4B31-A3BE-1EB333107274}.Debug|x86.ActiveCfg = Debug|Any CPU
		{B6869A90-7C50-4B31-A3BE-1EB333107274}.Release|Any CPU.ActiveCfg = Release|Any CPU
		{B6869A90-7C50-4B31-A3BE-1EB333107274}.Release|Any CPU.Build.0 = Release|Any CPU
		{B6869A90-7C50-4B31-A3BE-1EB333107274}.Release|Mixed Platforms.ActiveCfg = Release|Any CPU
		{B6869A90-7C50-4B31-A3BE-1EB333107274}.Release|Mixed Platforms.Build.0 = Release|Any CPU
		{B6869A90-7C50-4B31-A3BE-1EB333107274}.Release|x64.ActiveCfg = Release|Any CPU
		{B6869A90-7C50-4B31-A3BE-1EB333107274}.Release|x64.Build.0 = Release|Any CPU
		{B6869A90-7C50-4B31-A3BE-1EB333107274}.Release|x86.ActiveCfg = Release|Any CPU
		{106F53F1-BBE8-4108-AB59-C55897A33E41}.Debug|Any CPU.ActiveCfg = Debug|Any CPU
		{106F53F1-BBE8-4108-AB59-C55897A33E41}.Debug|Any CPU.Build.0 = Debug|Any CPU
		{106F53F1-BBE8-4108-AB59-C55897A33E41}.Debug|Mixed Platforms.ActiveCfg = Debug|Any CPU
		{106F53F1-BBE8-4108-AB59-C55897A33E41}.Debug|Mixed Platforms.Build.0 = Debug|Any CPU
		{106F53F1-BBE8-4108-AB59-C55897A33E41}.Debug|x64.ActiveCfg = Debug|Any CPU
		{106F53F1-BBE8-4108-AB59-C55897A33E41}.Debug|x64.Build.0 = Debug|Any CPU
		{106F53F1-BBE8-4108-AB59-C55897A33E41}.Debug|x86.ActiveCfg = Debug|Any CPU
		{106F53F1-BBE8-4108-AB59-C55897A33E41}.Release|Any CPU.ActiveCfg = Release|Any CPU
		{106F53F1-BBE8-4108-AB59-C55897A33E41}.Release|Any CPU.Build.0 = Release|Any CPU
		{106F53F1-BBE8-4108-AB59-C55897A33E41}.Release|Mixed Platforms.ActiveCfg = Release|Any CPU
		{106F53F1-BBE8-4108-AB59-C55897A33E41}.Release|Mixed Platforms.Build.0 = Release|Any CPU
		{106F53F1-BBE8-4108-AB59-C55897A33E41}.Release|x64.ActiveCfg = Release|Any CPU
		{106F53F1-BBE8-4108-AB59-C55897A33E41}.Release|x64.Build.0 = Release|Any CPU
		{106F53F1-BBE8-4108-AB59-C55897A33E41}.Release|x86.ActiveCfg = Release|Any CPU
		{DD114B56-8097-412A-8FC5-8F5A64D4ADDB}.Debug|Any CPU.ActiveCfg = Debug|Any CPU
		{DD114B56-8097-412A-8FC5-8F5A64D4ADDB}.Debug|Any CPU.Build.0 = Debug|Any CPU
		{DD114B56-8097-412A-8FC5-8F5A64D4ADDB}.Debug|Mixed Platforms.ActiveCfg = Debug|Any CPU
		{DD114B56-8097-412A-8FC5-8F5A64D4ADDB}.Debug|Mixed Platforms.Build.0 = Debug|Any CPU
		{DD114B56-8097-412A-8FC5-8F5A64D4ADDB}.Debug|x64.ActiveCfg = Debug|Any CPU
		{DD114B56-8097-412A-8FC5-8F5A64D4ADDB}.Debug|x64.Build.0 = Debug|Any CPU
		{DD114B56-8097-412A-8FC5-8F5A64D4ADDB}.Debug|x86.ActiveCfg = Debug|Any CPU
		{DD114B56-8097-412A-8FC5-8F5A64D4ADDB}.Release|Any CPU.ActiveCfg = Release|Any CPU
		{DD114B56-8097-412A-8FC5-8F5A64D4ADDB}.Release|Any CPU.Build.0 = Release|Any CPU
		{DD114B56-8097-412A-8FC5-8F5A64D4ADDB}.Release|Mixed Platforms.ActiveCfg = Release|Any CPU
		{DD114B56-8097-412A-8FC5-8F5A64D4ADDB}.Release|Mixed Platforms.Build.0 = Release|Any CPU
		{DD114B56-8097-412A-8FC5-8F5A64D4ADDB}.Release|x64.ActiveCfg = Release|Any CPU
		{DD114B56-8097-412A-8FC5-8F5A64D4ADDB}.Release|x64.Build.0 = Release|Any CPU
		{DD114B56-8097-412A-8FC5-8F5A64D4ADDB}.Release|x86.ActiveCfg = Release|Any CPU
		{13FFF767-0863-435A-8E35-06D63CAD13F6}.Debug|Any CPU.ActiveCfg = Debug|Any CPU
		{13FFF767-0863-435A-8E35-06D63CAD13F6}.Debug|Any CPU.Build.0 = Debug|Any CPU
		{13FFF767-0863-435A-8E35-06D63CAD13F6}.Debug|Mixed Platforms.ActiveCfg = Debug|Any CPU
		{13FFF767-0863-435A-8E35-06D63CAD13F6}.Debug|Mixed Platforms.Build.0 = Debug|Any CPU
		{13FFF767-0863-435A-8E35-06D63CAD13F6}.Debug|x64.ActiveCfg = Debug|Any CPU
		{13FFF767-0863-435A-8E35-06D63CAD13F6}.Debug|x64.Build.0 = Debug|Any CPU
		{13FFF767-0863-435A-8E35-06D63CAD13F6}.Debug|x86.ActiveCfg = Debug|Any CPU
		{13FFF767-0863-435A-8E35-06D63CAD13F6}.Release|Any CPU.ActiveCfg = Release|Any CPU
		{13FFF767-0863-435A-8E35-06D63CAD13F6}.Release|Any CPU.Build.0 = Release|Any CPU
		{13FFF767-0863-435A-8E35-06D63CAD13F6}.Release|Mixed Platforms.ActiveCfg = Release|Any CPU
		{13FFF767-0863-435A-8E35-06D63CAD13F6}.Release|Mixed Platforms.Build.0 = Release|Any CPU
		{13FFF767-0863-435A-8E35-06D63CAD13F6}.Release|x64.ActiveCfg = Release|Any CPU
		{13FFF767-0863-435A-8E35-06D63CAD13F6}.Release|x64.Build.0 = Release|Any CPU
		{13FFF767-0863-435A-8E35-06D63CAD13F6}.Release|x86.ActiveCfg = Release|Any CPU
		{02B65AD0-1C06-45C0-A631-0C7036A1E77C}.Debug|Any CPU.ActiveCfg = Debug|Any CPU
		{02B65AD0-1C06-45C0-A631-0C7036A1E77C}.Debug|Any CPU.Build.0 = Debug|Any CPU
		{02B65AD0-1C06-45C0-A631-0C7036A1E77C}.Debug|Mixed Platforms.ActiveCfg = Debug|Any CPU
		{02B65AD0-1C06-45C0-A631-0C7036A1E77C}.Debug|Mixed Platforms.Build.0 = Debug|Any CPU
		{02B65AD0-1C06-45C0-A631-0C7036A1E77C}.Debug|x64.ActiveCfg = Debug|Any CPU
		{02B65AD0-1C06-45C0-A631-0C7036A1E77C}.Debug|x64.Build.0 = Debug|Any CPU
		{02B65AD0-1C06-45C0-A631-0C7036A1E77C}.Debug|x86.ActiveCfg = Debug|Any CPU
		{02B65AD0-1C06-45C0-A631-0C7036A1E77C}.Release|Any CPU.ActiveCfg = Release|Any CPU
		{02B65AD0-1C06-45C0-A631-0C7036A1E77C}.Release|Any CPU.Build.0 = Release|Any CPU
		{02B65AD0-1C06-45C0-A631-0C7036A1E77C}.Release|Mixed Platforms.ActiveCfg = Release|Any CPU
		{02B65AD0-1C06-45C0-A631-0C7036A1E77C}.Release|Mixed Platforms.Build.0 = Release|Any CPU
		{02B65AD0-1C06-45C0-A631-0C7036A1E77C}.Release|x64.ActiveCfg = Release|Any CPU
		{02B65AD0-1C06-45C0-A631-0C7036A1E77C}.Release|x64.Build.0 = Release|Any CPU
		{02B65AD0-1C06-45C0-A631-0C7036A1E77C}.Release|x86.ActiveCfg = Release|Any CPU
		{BE37B4B9-CAFA-40D1-A97C-565F7629DF5C}.Debug|Any CPU.ActiveCfg = Debug|Any CPU
		{BE37B4B9-CAFA-40D1-A97C-565F7629DF5C}.Debug|Any CPU.Build.0 = Debug|Any CPU
		{BE37B4B9-CAFA-40D1-A97C-565F7629DF5C}.Debug|Mixed Platforms.ActiveCfg = Debug|Any CPU
		{BE37B4B9-CAFA-40D1-A97C-565F7629DF5C}.Debug|Mixed Platforms.Build.0 = Debug|Any CPU
		{BE37B4B9-CAFA-40D1-A97C-565F7629DF5C}.Debug|x64.ActiveCfg = Debug|Any CPU
		{BE37B4B9-CAFA-40D1-A97C-565F7629DF5C}.Debug|x64.Build.0 = Debug|Any CPU
		{BE37B4B9-CAFA-40D1-A97C-565F7629DF5C}.Debug|x86.ActiveCfg = Debug|Any CPU
		{BE37B4B9-CAFA-40D1-A97C-565F7629DF5C}.Release|Any CPU.ActiveCfg = Release|Any CPU
		{BE37B4B9-CAFA-40D1-A97C-565F7629DF5C}.Release|Any CPU.Build.0 = Release|Any CPU
		{BE37B4B9-CAFA-40D1-A97C-565F7629DF5C}.Release|Mixed Platforms.ActiveCfg = Release|Any CPU
		{BE37B4B9-CAFA-40D1-A97C-565F7629DF5C}.Release|Mixed Platforms.Build.0 = Release|Any CPU
		{BE37B4B9-CAFA-40D1-A97C-565F7629DF5C}.Release|x64.ActiveCfg = Release|Any CPU
		{BE37B4B9-CAFA-40D1-A97C-565F7629DF5C}.Release|x64.Build.0 = Release|Any CPU
		{BE37B4B9-CAFA-40D1-A97C-565F7629DF5C}.Release|x86.ActiveCfg = Release|Any CPU
		{41BAEF9E-FCDD-4ACC-970C-BFA792373A75}.Debug|Any CPU.ActiveCfg = Debug|Any CPU
		{41BAEF9E-FCDD-4ACC-970C-BFA792373A75}.Debug|Any CPU.Build.0 = Debug|Any CPU
		{41BAEF9E-FCDD-4ACC-970C-BFA792373A75}.Debug|Mixed Platforms.ActiveCfg = Debug|Any CPU
		{41BAEF9E-FCDD-4ACC-970C-BFA792373A75}.Debug|Mixed Platforms.Build.0 = Debug|Any CPU
		{41BAEF9E-FCDD-4ACC-970C-BFA792373A75}.Debug|x64.ActiveCfg = Debug|Any CPU
		{41BAEF9E-FCDD-4ACC-970C-BFA792373A75}.Debug|x64.Build.0 = Debug|Any CPU
		{41BAEF9E-FCDD-4ACC-970C-BFA792373A75}.Debug|x86.ActiveCfg = Debug|Any CPU
		{41BAEF9E-FCDD-4ACC-970C-BFA792373A75}.Release|Any CPU.ActiveCfg = Release|Any CPU
		{41BAEF9E-FCDD-4ACC-970C-BFA792373A75}.Release|Any CPU.Build.0 = Release|Any CPU
		{41BAEF9E-FCDD-4ACC-970C-BFA792373A75}.Release|Mixed Platforms.ActiveCfg = Release|Any CPU
		{41BAEF9E-FCDD-4ACC-970C-BFA792373A75}.Release|Mixed Platforms.Build.0 = Release|Any CPU
		{41BAEF9E-FCDD-4ACC-970C-BFA792373A75}.Release|x64.ActiveCfg = Release|Any CPU
		{41BAEF9E-FCDD-4ACC-970C-BFA792373A75}.Release|x64.Build.0 = Release|Any CPU
		{41BAEF9E-FCDD-4ACC-970C-BFA792373A75}.Release|x86.ActiveCfg = Release|Any CPU
		{3E54ABE8-2A41-46FB-B4EB-5AD83B10981F}.Debug|Any CPU.ActiveCfg = Debug|Any CPU
		{3E54ABE8-2A41-46FB-B4EB-5AD83B10981F}.Debug|Any CPU.Build.0 = Debug|Any CPU
		{3E54ABE8-2A41-46FB-B4EB-5AD83B10981F}.Debug|Mixed Platforms.ActiveCfg = Debug|Any CPU
		{3E54ABE8-2A41-46FB-B4EB-5AD83B10981F}.Debug|Mixed Platforms.Build.0 = Debug|Any CPU
		{3E54ABE8-2A41-46FB-B4EB-5AD83B10981F}.Debug|x64.ActiveCfg = Debug|Any CPU
		{3E54ABE8-2A41-46FB-B4EB-5AD83B10981F}.Debug|x64.Build.0 = Debug|Any CPU
		{3E54ABE8-2A41-46FB-B4EB-5AD83B10981F}.Debug|x86.ActiveCfg = Debug|Any CPU
		{3E54ABE8-2A41-46FB-B4EB-5AD83B10981F}.Release|Any CPU.ActiveCfg = Release|Any CPU
		{3E54ABE8-2A41-46FB-B4EB-5AD83B10981F}.Release|Any CPU.Build.0 = Release|Any CPU
		{3E54ABE8-2A41-46FB-B4EB-5AD83B10981F}.Release|Mixed Platforms.ActiveCfg = Release|Any CPU
		{3E54ABE8-2A41-46FB-B4EB-5AD83B10981F}.Release|Mixed Platforms.Build.0 = Release|Any CPU
		{3E54ABE8-2A41-46FB-B4EB-5AD83B10981F}.Release|x64.ActiveCfg = Release|Any CPU
		{3E54ABE8-2A41-46FB-B4EB-5AD83B10981F}.Release|x64.Build.0 = Release|Any CPU
		{3E54ABE8-2A41-46FB-B4EB-5AD83B10981F}.Release|x86.ActiveCfg = Release|Any CPU
		{E9EFE8C8-2537-4669-99AA-FF11D4A33F70}.Debug|Any CPU.ActiveCfg = Debug|Any CPU
		{E9EFE8C8-2537-4669-99AA-FF11D4A33F70}.Debug|Any CPU.Build.0 = Debug|Any CPU
		{E9EFE8C8-2537-4669-99AA-FF11D4A33F70}.Debug|Mixed Platforms.ActiveCfg = Debug|Any CPU
		{E9EFE8C8-2537-4669-99AA-FF11D4A33F70}.Debug|Mixed Platforms.Build.0 = Debug|Any CPU
		{E9EFE8C8-2537-4669-99AA-FF11D4A33F70}.Debug|x64.ActiveCfg = Debug|Any CPU
		{E9EFE8C8-2537-4669-99AA-FF11D4A33F70}.Debug|x64.Build.0 = Debug|Any CPU
		{E9EFE8C8-2537-4669-99AA-FF11D4A33F70}.Debug|x86.ActiveCfg = Debug|Any CPU
		{E9EFE8C8-2537-4669-99AA-FF11D4A33F70}.Release|Any CPU.ActiveCfg = Release|Any CPU
		{E9EFE8C8-2537-4669-99AA-FF11D4A33F70}.Release|Any CPU.Build.0 = Release|Any CPU
		{E9EFE8C8-2537-4669-99AA-FF11D4A33F70}.Release|Mixed Platforms.ActiveCfg = Release|Any CPU
		{E9EFE8C8-2537-4669-99AA-FF11D4A33F70}.Release|Mixed Platforms.Build.0 = Release|Any CPU
		{E9EFE8C8-2537-4669-99AA-FF11D4A33F70}.Release|x64.ActiveCfg = Release|Any CPU
		{E9EFE8C8-2537-4669-99AA-FF11D4A33F70}.Release|x64.Build.0 = Release|Any CPU
		{E9EFE8C8-2537-4669-99AA-FF11D4A33F70}.Release|x86.ActiveCfg = Release|Any CPU
		{B24A5D01-8866-4F16-AC24-1CFE484BF0E9}.Debug|Any CPU.ActiveCfg = Debug|Any CPU
		{B24A5D01-8866-4F16-AC24-1CFE484BF0E9}.Debug|Any CPU.Build.0 = Debug|Any CPU
		{B24A5D01-8866-4F16-AC24-1CFE484BF0E9}.Debug|Mixed Platforms.ActiveCfg = Debug|Any CPU
		{B24A5D01-8866-4F16-AC24-1CFE484BF0E9}.Debug|Mixed Platforms.Build.0 = Debug|Any CPU
		{B24A5D01-8866-4F16-AC24-1CFE484BF0E9}.Debug|x64.ActiveCfg = Debug|Any CPU
		{B24A5D01-8866-4F16-AC24-1CFE484BF0E9}.Debug|x64.Build.0 = Debug|Any CPU
		{B24A5D01-8866-4F16-AC24-1CFE484BF0E9}.Debug|x86.ActiveCfg = Debug|Any CPU
		{B24A5D01-8866-4F16-AC24-1CFE484BF0E9}.Release|Any CPU.ActiveCfg = Release|Any CPU
		{B24A5D01-8866-4F16-AC24-1CFE484BF0E9}.Release|Any CPU.Build.0 = Release|Any CPU
		{B24A5D01-8866-4F16-AC24-1CFE484BF0E9}.Release|Mixed Platforms.ActiveCfg = Release|Any CPU
		{B24A5D01-8866-4F16-AC24-1CFE484BF0E9}.Release|Mixed Platforms.Build.0 = Release|Any CPU
		{B24A5D01-8866-4F16-AC24-1CFE484BF0E9}.Release|x64.ActiveCfg = Release|Any CPU
		{B24A5D01-8866-4F16-AC24-1CFE484BF0E9}.Release|x64.Build.0 = Release|Any CPU
		{B24A5D01-8866-4F16-AC24-1CFE484BF0E9}.Release|x86.ActiveCfg = Release|Any CPU
		{CD6CA183-AD5F-4342-BB44-F117A0CED523}.Debug|Any CPU.ActiveCfg = Debug|Win32
		{CD6CA183-AD5F-4342-BB44-F117A0CED523}.Debug|Mixed Platforms.ActiveCfg = Debug|x64
		{CD6CA183-AD5F-4342-BB44-F117A0CED523}.Debug|Mixed Platforms.Build.0 = Debug|x64
		{CD6CA183-AD5F-4342-BB44-F117A0CED523}.Debug|x64.ActiveCfg = Debug|x64
		{CD6CA183-AD5F-4342-BB44-F117A0CED523}.Debug|x64.Build.0 = Debug|x64
		{CD6CA183-AD5F-4342-BB44-F117A0CED523}.Debug|x86.ActiveCfg = Debug|Win32
		{CD6CA183-AD5F-4342-BB44-F117A0CED523}.Debug|x86.Build.0 = Debug|Win32
		{CD6CA183-AD5F-4342-BB44-F117A0CED523}.Release|Any CPU.ActiveCfg = Release|Win32
		{CD6CA183-AD5F-4342-BB44-F117A0CED523}.Release|Mixed Platforms.ActiveCfg = Release|Win32
		{CD6CA183-AD5F-4342-BB44-F117A0CED523}.Release|Mixed Platforms.Build.0 = Release|Win32
		{CD6CA183-AD5F-4342-BB44-F117A0CED523}.Release|x64.ActiveCfg = Release|x64
		{CD6CA183-AD5F-4342-BB44-F117A0CED523}.Release|x64.Build.0 = Release|x64
		{CD6CA183-AD5F-4342-BB44-F117A0CED523}.Release|x86.ActiveCfg = Release|Win32
		{CD6CA183-AD5F-4342-BB44-F117A0CED523}.Release|x86.Build.0 = Release|Win32
		{250DA5A6-F63E-4F31-BFDB-0AB2192B04B5}.Debug|Any CPU.ActiveCfg = Debug|Any CPU
		{250DA5A6-F63E-4F31-BFDB-0AB2192B04B5}.Debug|Any CPU.Build.0 = Debug|Any CPU
		{250DA5A6-F63E-4F31-BFDB-0AB2192B04B5}.Debug|Mixed Platforms.ActiveCfg = Debug|Any CPU
		{250DA5A6-F63E-4F31-BFDB-0AB2192B04B5}.Debug|Mixed Platforms.Build.0 = Debug|Any CPU
		{250DA5A6-F63E-4F31-BFDB-0AB2192B04B5}.Debug|x64.ActiveCfg = Debug|Any CPU
		{250DA5A6-F63E-4F31-BFDB-0AB2192B04B5}.Debug|x64.Build.0 = Debug|Any CPU
		{250DA5A6-F63E-4F31-BFDB-0AB2192B04B5}.Debug|x86.ActiveCfg = Debug|Any CPU
		{250DA5A6-F63E-4F31-BFDB-0AB2192B04B5}.Debug|x86.Build.0 = Debug|Any CPU
		{250DA5A6-F63E-4F31-BFDB-0AB2192B04B5}.Release|Any CPU.ActiveCfg = Release|Any CPU
		{250DA5A6-F63E-4F31-BFDB-0AB2192B04B5}.Release|Any CPU.Build.0 = Release|Any CPU
		{250DA5A6-F63E-4F31-BFDB-0AB2192B04B5}.Release|Mixed Platforms.ActiveCfg = Release|Any CPU
		{250DA5A6-F63E-4F31-BFDB-0AB2192B04B5}.Release|Mixed Platforms.Build.0 = Release|Any CPU
		{250DA5A6-F63E-4F31-BFDB-0AB2192B04B5}.Release|x64.ActiveCfg = Release|Any CPU
		{250DA5A6-F63E-4F31-BFDB-0AB2192B04B5}.Release|x64.Build.0 = Release|Any CPU
		{250DA5A6-F63E-4F31-BFDB-0AB2192B04B5}.Release|x86.ActiveCfg = Release|Any CPU
		{250DA5A6-F63E-4F31-BFDB-0AB2192B04B5}.Release|x86.Build.0 = Release|Any CPU
		{1C8419D5-0B65-466B-8955-195280FBF527}.Debug|Any CPU.ActiveCfg = Debug|Any CPU
		{1C8419D5-0B65-466B-8955-195280FBF527}.Debug|Any CPU.Build.0 = Debug|Any CPU
		{1C8419D5-0B65-466B-8955-195280FBF527}.Debug|Mixed Platforms.ActiveCfg = Debug|Any CPU
		{1C8419D5-0B65-466B-8955-195280FBF527}.Debug|Mixed Platforms.Build.0 = Debug|Any CPU
		{1C8419D5-0B65-466B-8955-195280FBF527}.Debug|x64.ActiveCfg = Debug|Any CPU
		{1C8419D5-0B65-466B-8955-195280FBF527}.Debug|x64.Build.0 = Debug|Any CPU
		{1C8419D5-0B65-466B-8955-195280FBF527}.Debug|x86.ActiveCfg = Debug|Any CPU
		{1C8419D5-0B65-466B-8955-195280FBF527}.Debug|x86.Build.0 = Debug|Any CPU
		{1C8419D5-0B65-466B-8955-195280FBF527}.Release|Any CPU.ActiveCfg = Release|Any CPU
		{1C8419D5-0B65-466B-8955-195280FBF527}.Release|Any CPU.Build.0 = Release|Any CPU
		{1C8419D5-0B65-466B-8955-195280FBF527}.Release|Mixed Platforms.ActiveCfg = Release|Any CPU
		{1C8419D5-0B65-466B-8955-195280FBF527}.Release|Mixed Platforms.Build.0 = Release|Any CPU
		{1C8419D5-0B65-466B-8955-195280FBF527}.Release|x64.ActiveCfg = Release|Any CPU
		{1C8419D5-0B65-466B-8955-195280FBF527}.Release|x64.Build.0 = Release|Any CPU
		{1C8419D5-0B65-466B-8955-195280FBF527}.Release|x86.ActiveCfg = Release|Any CPU
		{1C8419D5-0B65-466B-8955-195280FBF527}.Release|x86.Build.0 = Release|Any CPU
		{413CDA69-2C18-4E37-B3BD-1A7FC6E069DA}.Debug|Any CPU.ActiveCfg = Debug|Any CPU
		{413CDA69-2C18-4E37-B3BD-1A7FC6E069DA}.Debug|Any CPU.Build.0 = Debug|Any CPU
		{413CDA69-2C18-4E37-B3BD-1A7FC6E069DA}.Debug|Mixed Platforms.ActiveCfg = Debug|Any CPU
		{413CDA69-2C18-4E37-B3BD-1A7FC6E069DA}.Debug|Mixed Platforms.Build.0 = Debug|Any CPU
		{413CDA69-2C18-4E37-B3BD-1A7FC6E069DA}.Debug|x64.ActiveCfg = Debug|Any CPU
		{413CDA69-2C18-4E37-B3BD-1A7FC6E069DA}.Debug|x64.Build.0 = Debug|Any CPU
		{413CDA69-2C18-4E37-B3BD-1A7FC6E069DA}.Debug|x86.ActiveCfg = Debug|Any CPU
		{413CDA69-2C18-4E37-B3BD-1A7FC6E069DA}.Debug|x86.Build.0 = Debug|Any CPU
		{413CDA69-2C18-4E37-B3BD-1A7FC6E069DA}.Release|Any CPU.ActiveCfg = Release|Any CPU
		{413CDA69-2C18-4E37-B3BD-1A7FC6E069DA}.Release|Any CPU.Build.0 = Release|Any CPU
		{413CDA69-2C18-4E37-B3BD-1A7FC6E069DA}.Release|Mixed Platforms.ActiveCfg = Release|Any CPU
		{413CDA69-2C18-4E37-B3BD-1A7FC6E069DA}.Release|Mixed Platforms.Build.0 = Release|Any CPU
		{413CDA69-2C18-4E37-B3BD-1A7FC6E069DA}.Release|x64.ActiveCfg = Release|Any CPU
		{413CDA69-2C18-4E37-B3BD-1A7FC6E069DA}.Release|x64.Build.0 = Release|Any CPU
		{413CDA69-2C18-4E37-B3BD-1A7FC6E069DA}.Release|x86.ActiveCfg = Release|Any CPU
		{413CDA69-2C18-4E37-B3BD-1A7FC6E069DA}.Release|x86.Build.0 = Release|Any CPU
		{5633CC4B-DBAD-4F09-92FE-8650B02A9B33}.Debug|Any CPU.ActiveCfg = Debug|Win32
		{5633CC4B-DBAD-4F09-92FE-8650B02A9B33}.Debug|Mixed Platforms.ActiveCfg = Debug|Win32
		{5633CC4B-DBAD-4F09-92FE-8650B02A9B33}.Debug|Mixed Platforms.Build.0 = Debug|Win32
		{5633CC4B-DBAD-4F09-92FE-8650B02A9B33}.Debug|x64.ActiveCfg = Debug|x64
		{5633CC4B-DBAD-4F09-92FE-8650B02A9B33}.Debug|x64.Build.0 = Debug|x64
		{5633CC4B-DBAD-4F09-92FE-8650B02A9B33}.Debug|x86.ActiveCfg = Debug|Win32
		{5633CC4B-DBAD-4F09-92FE-8650B02A9B33}.Debug|x86.Build.0 = Debug|Win32
		{5633CC4B-DBAD-4F09-92FE-8650B02A9B33}.Release|Any CPU.ActiveCfg = Release|Win32
		{5633CC4B-DBAD-4F09-92FE-8650B02A9B33}.Release|Mixed Platforms.ActiveCfg = Release|Win32
		{5633CC4B-DBAD-4F09-92FE-8650B02A9B33}.Release|Mixed Platforms.Build.0 = Release|Win32
		{5633CC4B-DBAD-4F09-92FE-8650B02A9B33}.Release|x64.ActiveCfg = Release|x64
		{5633CC4B-DBAD-4F09-92FE-8650B02A9B33}.Release|x64.Build.0 = Release|x64
		{5633CC4B-DBAD-4F09-92FE-8650B02A9B33}.Release|x86.ActiveCfg = Release|Win32
		{5633CC4B-DBAD-4F09-92FE-8650B02A9B33}.Release|x86.Build.0 = Release|Win32
	EndGlobalSection
	GlobalSection(SolutionProperties) = preSolution
		HideSolutionNode = FALSE
	EndGlobalSection
	GlobalSection(NestedProjects) = preSolution
		{9D7750B3-C5BE-4B06-81B0-0A409CA9FE7B} = {92EFF8CC-118D-49ED-A71A-073018F8005C}
		{5F315ED5-010F-43C6-8D8B-60191BC4BF9F} = {92EFF8CC-118D-49ED-A71A-073018F8005C}
		{8850582A-A002-4CE2-B45D-DF55AEDBDFE0} = {92EFF8CC-118D-49ED-A71A-073018F8005C}
		{1DF78DF6-4C75-4083-A0C6-A56A637EC33E} = {5D1A6D37-8CB3-4401-8D6D-92F9A0D478AF}
		{5C96F98A-1C10-40ED-8BD2-500A842A7659} = {5D1A6D37-8CB3-4401-8D6D-92F9A0D478AF}
		{970E73E5-93E3-4334-92D2-EA6CB18F877C} = {5D1A6D37-8CB3-4401-8D6D-92F9A0D478AF}
		{8E652C75-F015-4B7F-B7BC-93CDC8F07BEE} = {5D1A6D37-8CB3-4401-8D6D-92F9A0D478AF}
		{81D21E71-0196-4767-BE6A-149247459E23} = {5D1A6D37-8CB3-4401-8D6D-92F9A0D478AF}
		{95E826AB-E4BF-484F-B763-43180F0EBB6B} = {5D1A6D37-8CB3-4401-8D6D-92F9A0D478AF}
		{B7EFDE8F-FF0C-4091-B870-32D21DAC853B} = {A59843C7-0188-4CAF-8EB7-B73F1EDF4D57}
		{3630FD4B-5770-4261-8F27-D9B208CD4F0F} = {A59843C7-0188-4CAF-8EB7-B73F1EDF4D57}
		{B6869A90-7C50-4B31-A3BE-1EB333107274} = {A59843C7-0188-4CAF-8EB7-B73F1EDF4D57}
		{106F53F1-BBE8-4108-AB59-C55897A33E41} = {A59843C7-0188-4CAF-8EB7-B73F1EDF4D57}
		{DD114B56-8097-412A-8FC5-8F5A64D4ADDB} = {40648F55-6FAE-4AB7-8BA1-330EA2AE2644}
		{13FFF767-0863-435A-8E35-06D63CAD13F6} = {40648F55-6FAE-4AB7-8BA1-330EA2AE2644}
		{91F6E7F0-2CDD-474C-AEF8-485A71415B88} = {4403D823-CEF9-47BA-9C3E-B4E9E0195DCB}
		{02B65AD0-1C06-45C0-A631-0C7036A1E77C} = {91F6E7F0-2CDD-474C-AEF8-485A71415B88}
		{BE37B4B9-CAFA-40D1-A97C-565F7629DF5C} = {91F6E7F0-2CDD-474C-AEF8-485A71415B88}
		{3CD1DE77-4A3E-44F9-9EEC-97BCA55E9822} = {40648F55-6FAE-4AB7-8BA1-330EA2AE2644}
		{41BAEF9E-FCDD-4ACC-970C-BFA792373A75} = {3CD1DE77-4A3E-44F9-9EEC-97BCA55E9822}
		{3E54ABE8-2A41-46FB-B4EB-5AD83B10981F} = {3CD1DE77-4A3E-44F9-9EEC-97BCA55E9822}
		{E9EFE8C8-2537-4669-99AA-FF11D4A33F70} = {4403D823-CEF9-47BA-9C3E-B4E9E0195DCB}
		{B24A5D01-8866-4F16-AC24-1CFE484BF0E9} = {91F6E7F0-2CDD-474C-AEF8-485A71415B88}
		{CD6CA183-AD5F-4342-BB44-F117A0CED523} = {5D1A6D37-8CB3-4401-8D6D-92F9A0D478AF}
		{250DA5A6-F63E-4F31-BFDB-0AB2192B04B5} = {5D1A6D37-8CB3-4401-8D6D-92F9A0D478AF}
		{1C8419D5-0B65-466B-8955-195280FBF527} = {92EFF8CC-118D-49ED-A71A-073018F8005C}
		{413CDA69-2C18-4E37-B3BD-1A7FC6E069DA} = {91F6E7F0-2CDD-474C-AEF8-485A71415B88}
		{5633CC4B-DBAD-4F09-92FE-8650B02A9B33} = {91F6E7F0-2CDD-474C-AEF8-485A71415B88}
	EndGlobalSection
	GlobalSection(TestCaseManagementSettings) = postSolution
		CategoryFile = BaldursGateEditor.vsmdi
	EndGlobalSection
EndGlobal
